// !$*UTF8*$!
{
	archiveVersion = 1;
	classes = {
	};
	objectVersion = 51;
	objects = {

/* Begin PBXBuildFile section */
		5DD8510B24CF208100F2F03D /* AppDelegate.swift in Sources */ = {isa = PBXBuildFile; fileRef = 5DD8510A24CF208100F2F03D /* AppDelegate.swift */; };
		5DD8510D24CF208100F2F03D /* SceneDelegate.swift in Sources */ = {isa = PBXBuildFile; fileRef = 5DD8510C24CF208100F2F03D /* SceneDelegate.swift */; };
		5DD8510F24CF208100F2F03D /* ViewController.swift in Sources */ = {isa = PBXBuildFile; fileRef = 5DD8510E24CF208100F2F03D /* ViewController.swift */; };
		5DD8511424CF208700F2F03D /* Assets.xcassets in Resources */ = {isa = PBXBuildFile; fileRef = 5DD8511324CF208700F2F03D /* Assets.xcassets */; };
		5DD8511724CF208700F2F03D /* LaunchScreen.storyboard in Resources */ = {isa = PBXBuildFile; fileRef = 5DD8511524CF208700F2F03D /* LaunchScreen.storyboard */; };
		5DE73E7A24CF2E8F00ECBC77 /* MainView.swift in Sources */ = {isa = PBXBuildFile; fileRef = 5DE73E7924CF2E8F00ECBC77 /* MainView.swift */; };
		5DE73E7C24CF2EB700ECBC77 /* MainViewPresenter.swift in Sources */ = {isa = PBXBuildFile; fileRef = 5DE73E7B24CF2EB700ECBC77 /* MainViewPresenter.swift */; };
		5DE73E7E24CF2F2C00ECBC77 /* AllData.swift in Sources */ = {isa = PBXBuildFile; fileRef = 5DE73E7D24CF2F2C00ECBC77 /* AllData.swift */; };
		5DE73E8024CF318C00ECBC77 /* DataItem.swift in Sources */ = {isa = PBXBuildFile; fileRef = 5DE73E7F24CF318C00ECBC77 /* DataItem.swift */; };
		5DE73E8224CF31E000ECBC77 /* ImageData.swift in Sources */ = {isa = PBXBuildFile; fileRef = 5DE73E8124CF31E000ECBC77 /* ImageData.swift */; };
		5DE73E8424CF31E800ECBC77 /* TextData.swift in Sources */ = {isa = PBXBuildFile; fileRef = 5DE73E8324CF31E800ECBC77 /* TextData.swift */; };
		5DE73E8624CF31F200ECBC77 /* SelectorData.swift in Sources */ = {isa = PBXBuildFile; fileRef = 5DE73E8524CF31F200ECBC77 /* SelectorData.swift */; };
		5DE73E8824CF320000ECBC77 /* Variant.swift in Sources */ = {isa = PBXBuildFile; fileRef = 5DE73E8724CF320000ECBC77 /* Variant.swift */; };
		5DE73E8A24CF341400ECBC77 /* MainServer.swift in Sources */ = {isa = PBXBuildFile; fileRef = 5DE73E8924CF341400ECBC77 /* MainServer.swift */; };
		5DE73E8C24CF37AC00ECBC77 /* CustomTextCell.swift in Sources */ = {isa = PBXBuildFile; fileRef = 5DE73E8B24CF37AB00ECBC77 /* CustomTextCell.swift */; };
		5DE73E8E24CF37DB00ECBC77 /* CustomImageCell.swift in Sources */ = {isa = PBXBuildFile; fileRef = 5DE73E8D24CF37DB00ECBC77 /* CustomImageCell.swift */; };
		5DE73E9024CF37E800ECBC77 /* CustomSelectorCell.swift in Sources */ = {isa = PBXBuildFile; fileRef = 5DE73E8F24CF37E800ECBC77 /* CustomSelectorCell.swift */; };
		5DE73E9424CF40D000ECBC77 /* UIViewTableViewCell+extention.swift in Sources */ = {isa = PBXBuildFile; fileRef = 5DE73E9324CF40D000ECBC77 /* UIViewTableViewCell+extention.swift */; };
		D23BB2EFF4C1D850799B464A /* Pods_Task_Pryaniky.framework in Frameworks */ = {isa = PBXBuildFile; fileRef = D70644943E2C17F91CCAEA54 /* Pods_Task_Pryaniky.framework */; };
/* End PBXBuildFile section */

/* Begin PBXFileReference section */
		30DBBE4EFE928EC9469364D0 /* Pods-Task_Pryaniky.debug.xcconfig */ = {isa = PBXFileReference; includeInIndex = 1; lastKnownFileType = text.xcconfig; name = "Pods-Task_Pryaniky.debug.xcconfig"; path = "Target Support Files/Pods-Task_Pryaniky/Pods-Task_Pryaniky.debug.xcconfig"; sourceTree = "<group>"; };
		5DD8510724CF208100F2F03D /* Task_Pryaniky.app */ = {isa = PBXFileReference; explicitFileType = wrapper.application; includeInIndex = 0; path = Task_Pryaniky.app; sourceTree = BUILT_PRODUCTS_DIR; };
		5DD8510A24CF208100F2F03D /* AppDelegate.swift */ = {isa = PBXFileReference; lastKnownFileType = sourcecode.swift; path = AppDelegate.swift; sourceTree = "<group>"; };
		5DD8510C24CF208100F2F03D /* SceneDelegate.swift */ = {isa = PBXFileReference; lastKnownFileType = sourcecode.swift; path = SceneDelegate.swift; sourceTree = "<group>"; };
		5DD8510E24CF208100F2F03D /* ViewController.swift */ = {isa = PBXFileReference; lastKnownFileType = sourcecode.swift; path = ViewController.swift; sourceTree = "<group>"; };
		5DD8511324CF208700F2F03D /* Assets.xcassets */ = {isa = PBXFileReference; lastKnownFileType = folder.assetcatalog; path = Assets.xcassets; sourceTree = "<group>"; };
		5DD8511624CF208700F2F03D /* Base */ = {isa = PBXFileReference; lastKnownFileType = file.storyboard; name = Base; path = Base.lproj/LaunchScreen.storyboard; sourceTree = "<group>"; };
		5DD8511824CF208700F2F03D /* Info.plist */ = {isa = PBXFileReference; lastKnownFileType = text.plist.xml; path = Info.plist; sourceTree = "<group>"; };
		5DE73E7924CF2E8F00ECBC77 /* MainView.swift */ = {isa = PBXFileReference; lastKnownFileType = sourcecode.swift; path = MainView.swift; sourceTree = "<group>"; };
		5DE73E7B24CF2EB700ECBC77 /* MainViewPresenter.swift */ = {isa = PBXFileReference; lastKnownFileType = sourcecode.swift; path = MainViewPresenter.swift; sourceTree = "<group>"; };
		5DE73E7D24CF2F2C00ECBC77 /* AllData.swift */ = {isa = PBXFileReference; lastKnownFileType = sourcecode.swift; path = AllData.swift; sourceTree = "<group>"; };
		5DE73E7F24CF318C00ECBC77 /* DataItem.swift */ = {isa = PBXFileReference; lastKnownFileType = sourcecode.swift; path = DataItem.swift; sourceTree = "<group>"; };
		5DE73E8124CF31E000ECBC77 /* ImageData.swift */ = {isa = PBXFileReference; lastKnownFileType = sourcecode.swift; path = ImageData.swift; sourceTree = "<group>"; };
		5DE73E8324CF31E800ECBC77 /* TextData.swift */ = {isa = PBXFileReference; lastKnownFileType = sourcecode.swift; path = TextData.swift; sourceTree = "<group>"; };
		5DE73E8524CF31F200ECBC77 /* SelectorData.swift */ = {isa = PBXFileReference; lastKnownFileType = sourcecode.swift; path = SelectorData.swift; sourceTree = "<group>"; };
		5DE73E8724CF320000ECBC77 /* Variant.swift */ = {isa = PBXFileReference; lastKnownFileType = sourcecode.swift; path = Variant.swift; sourceTree = "<group>"; };
		5DE73E8924CF341400ECBC77 /* MainServer.swift */ = {isa = PBXFileReference; lastKnownFileType = sourcecode.swift; path = MainServer.swift; sourceTree = "<group>"; };
		5DE73E8B24CF37AB00ECBC77 /* CustomTextCell.swift */ = {isa = PBXFileReference; lastKnownFileType = sourcecode.swift; path = CustomTextCell.swift; sourceTree = "<group>"; };
		5DE73E8D24CF37DB00ECBC77 /* CustomImageCell.swift */ = {isa = PBXFileReference; lastKnownFileType = sourcecode.swift; path = CustomImageCell.swift; sourceTree = "<group>"; };
		5DE73E8F24CF37E800ECBC77 /* CustomSelectorCell.swift */ = {isa = PBXFileReference; lastKnownFileType = sourcecode.swift; path = CustomSelectorCell.swift; sourceTree = "<group>"; };
		5DE73E9324CF40D000ECBC77 /* UIViewTableViewCell+extention.swift */ = {isa = PBXFileReference; lastKnownFileType = sourcecode.swift; path = "UIViewTableViewCell+extention.swift"; sourceTree = "<group>"; };
		7D5F6B8CBB217DBF618DBE84 /* Pods-Task_Pryaniky.release.xcconfig */ = {isa = PBXFileReference; includeInIndex = 1; lastKnownFileType = text.xcconfig; name = "Pods-Task_Pryaniky.release.xcconfig"; path = "Target Support Files/Pods-Task_Pryaniky/Pods-Task_Pryaniky.release.xcconfig"; sourceTree = "<group>"; };
		D70644943E2C17F91CCAEA54 /* Pods_Task_Pryaniky.framework */ = {isa = PBXFileReference; explicitFileType = wrapper.framework; includeInIndex = 0; path = Pods_Task_Pryaniky.framework; sourceTree = BUILT_PRODUCTS_DIR; };
/* End PBXFileReference section */

/* Begin PBXFrameworksBuildPhase section */
		5DD8510424CF208100F2F03D /* Frameworks */ = {
			isa = PBXFrameworksBuildPhase;
			buildActionMask = 2147483647;
			files = (
				D23BB2EFF4C1D850799B464A /* Pods_Task_Pryaniky.framework in Frameworks */,
			);
			runOnlyForDeploymentPostprocessing = 0;
		};
/* End PBXFrameworksBuildPhase section */

/* Begin PBXGroup section */
		434EA4485859BDC9075CED96 /* Pods */ = {
			isa = PBXGroup;
			children = (
				30DBBE4EFE928EC9469364D0 /* Pods-Task_Pryaniky.debug.xcconfig */,
				7D5F6B8CBB217DBF618DBE84 /* Pods-Task_Pryaniky.release.xcconfig */,
			);
			path = Pods;
			sourceTree = "<group>";
		};
		5DD850FE24CF208100F2F03D = {
			isa = PBXGroup;
			children = (
				5DD8510924CF208100F2F03D /* Task_Pryaniky */,
				5DD8510824CF208100F2F03D /* Products */,
				434EA4485859BDC9075CED96 /* Pods */,
				DD54EC8EAB5D7FEE0E7CEA93 /* Frameworks */,
			);
			sourceTree = "<group>";
		};
		5DD8510824CF208100F2F03D /* Products */ = {
			isa = PBXGroup;
			children = (
				5DD8510724CF208100F2F03D /* Task_Pryaniky.app */,
			);
			name = Products;
			sourceTree = "<group>";
		};
		5DD8510924CF208100F2F03D /* Task_Pryaniky */ = {
			isa = PBXGroup;
			children = (
				5DE73E9124CF407900ECBC77 /* Extentions */,
				5DE73E7324CF2CB300ECBC77 /* Main */,
				5DD8510A24CF208100F2F03D /* AppDelegate.swift */,
				5DD8510C24CF208100F2F03D /* SceneDelegate.swift */,
				5DD8510E24CF208100F2F03D /* ViewController.swift */,
				5DD8511324CF208700F2F03D /* Assets.xcassets */,
				5DD8511524CF208700F2F03D /* LaunchScreen.storyboard */,
				5DD8511824CF208700F2F03D /* Info.plist */,
			);
			path = Task_Pryaniky;
			sourceTree = "<group>";
		};
		5DE73E7324CF2CB300ECBC77 /* Main */ = {
			isa = PBXGroup;
			children = (
				5DE73E7624CF2E5B00ECBC77 /* Model */,
				5DE73E7524CF2E1000ECBC77 /* View */,
				5DE73E7724CF2E6500ECBC77 /* Presenter */,
				5DE73E7424CF2E0300ECBC77 /* Server */,
			);
			path = Main;
			sourceTree = "<group>";
		};
		5DE73E7424CF2E0300ECBC77 /* Server */ = {
			isa = PBXGroup;
			children = (
				5DE73E8924CF341400ECBC77 /* MainServer.swift */,
			);
			path = Server;
			sourceTree = "<group>";
		};
		5DE73E7524CF2E1000ECBC77 /* View */ = {
			isa = PBXGroup;
			children = (
				5DE73E7824CF2E7400ECBC77 /* Subview */,
				5DE73E7924CF2E8F00ECBC77 /* MainView.swift */,
			);
			path = View;
			sourceTree = "<group>";
		};
		5DE73E7624CF2E5B00ECBC77 /* Model */ = {
			isa = PBXGroup;
			children = (
				5DE73E7D24CF2F2C00ECBC77 /* AllData.swift */,
				5DE73E7F24CF318C00ECBC77 /* DataItem.swift */,
				5DE73E8124CF31E000ECBC77 /* ImageData.swift */,
				5DE73E8324CF31E800ECBC77 /* TextData.swift */,
				5DE73E8524CF31F200ECBC77 /* SelectorData.swift */,
				5DE73E8724CF320000ECBC77 /* Variant.swift */,
			);
			path = Model;
			sourceTree = "<group>";
		};
		5DE73E7724CF2E6500ECBC77 /* Presenter */ = {
			isa = PBXGroup;
			children = (
				5DE73E7B24CF2EB700ECBC77 /* MainViewPresenter.swift */,
			);
			path = Presenter;
			sourceTree = "<group>";
		};
		5DE73E7824CF2E7400ECBC77 /* Subview */ = {
			isa = PBXGroup;
			children = (
				5DE73E8B24CF37AB00ECBC77 /* CustomTextCell.swift */,
				5DE73E8D24CF37DB00ECBC77 /* CustomImageCell.swift */,
				5DE73E8F24CF37E800ECBC77 /* CustomSelectorCell.swift */,
			);
			path = Subview;
			sourceTree = "<group>";
		};
		5DE73E9124CF407900ECBC77 /* Extentions */ = {
			isa = PBXGroup;
			children = (
				5DE73E9224CF40B400ECBC77 /* UIViewTableCell */,
			);
			path = Extentions;
			sourceTree = "<group>";
		};
		5DE73E9224CF40B400ECBC77 /* UIViewTableCell */ = {
			isa = PBXGroup;
			children = (
				5DE73E9324CF40D000ECBC77 /* UIViewTableViewCell+extention.swift */,
			);
			path = UIViewTableCell;
			sourceTree = "<group>";
		};
		DD54EC8EAB5D7FEE0E7CEA93 /* Frameworks */ = {
			isa = PBXGroup;
			children = (
				D70644943E2C17F91CCAEA54 /* Pods_Task_Pryaniky.framework */,
			);
			name = Frameworks;
			sourceTree = "<group>";
		};
/* End PBXGroup section */

/* Begin PBXNativeTarget section */
		5DD8510624CF208100F2F03D /* Task_Pryaniky */ = {
			isa = PBXNativeTarget;
			buildConfigurationList = 5DD8511B24CF208700F2F03D /* Build configuration list for PBXNativeTarget "Task_Pryaniky" */;
			buildPhases = (
				8BC7BE8CECEE1EEDE3927A60 /* [CP] Check Pods Manifest.lock */,
				5DD8510324CF208100F2F03D /* Sources */,
				5DD8510424CF208100F2F03D /* Frameworks */,
				5DD8510524CF208100F2F03D /* Resources */,
				25094184E406EBA08F9FB43F /* [CP] Embed Pods Frameworks */,
			);
			buildRules = (
			);
			dependencies = (
			);
			name = Task_Pryaniky;
			productName = Task_Pryaniky;
			productReference = 5DD8510724CF208100F2F03D /* Task_Pryaniky.app */;
			productType = "com.apple.product-type.application";
		};
/* End PBXNativeTarget section */

/* Begin PBXProject section */
		5DD850FF24CF208100F2F03D /* Project object */ = {
			isa = PBXProject;
			attributes = {
				LastSwiftUpdateCheck = 1150;
				LastUpgradeCheck = 1150;
				ORGANIZATIONNAME = "Anna Melkhova";
				TargetAttributes = {
					5DD8510624CF208100F2F03D = {
						CreatedOnToolsVersion = 11.5;
					};
				};
			};
			buildConfigurationList = 5DD8510224CF208100F2F03D /* Build configuration list for PBXProject "Task_Pryaniky" */;
			compatibilityVersion = "Xcode 9.3";
			developmentRegion = en;
			hasScannedForEncodings = 0;
			knownRegions = (
				en,
				Base,
			);
			mainGroup = 5DD850FE24CF208100F2F03D;
			productRefGroup = 5DD8510824CF208100F2F03D /* Products */;
			projectDirPath = "";
			projectRoot = "";
			targets = (
				5DD8510624CF208100F2F03D /* Task_Pryaniky */,
			);
		};
/* End PBXProject section */

/* Begin PBXResourcesBuildPhase section */
		5DD8510524CF208100F2F03D /* Resources */ = {
			isa = PBXResourcesBuildPhase;
			buildActionMask = 2147483647;
			files = (
				5DD8511724CF208700F2F03D /* LaunchScreen.storyboard in Resources */,
				5DD8511424CF208700F2F03D /* Assets.xcassets in Resources */,
			);
			runOnlyForDeploymentPostprocessing = 0;
		};
/* End PBXResourcesBuildPhase section */

/* Begin PBXShellScriptBuildPhase section */
		25094184E406EBA08F9FB43F /* [CP] Embed Pods Frameworks */ = {
			isa = PBXShellScriptBuildPhase;
			buildActionMask = 2147483647;
			files = (
			);
			inputFileListPaths = (
				"${PODS_ROOT}/Target Support Files/Pods-Task_Pryaniky/Pods-Task_Pryaniky-frameworks-${CONFIGURATION}-input-files.xcfilelist",
			);
			name = "[CP] Embed Pods Frameworks";
			outputFileListPaths = (
				"${PODS_ROOT}/Target Support Files/Pods-Task_Pryaniky/Pods-Task_Pryaniky-frameworks-${CONFIGURATION}-output-files.xcfilelist",
			);
			runOnlyForDeploymentPostprocessing = 0;
			shellPath = /bin/sh;
			shellScript = "\"${PODS_ROOT}/Target Support Files/Pods-Task_Pryaniky/Pods-Task_Pryaniky-frameworks.sh\"\n";
			showEnvVarsInLog = 0;
		};
		8BC7BE8CECEE1EEDE3927A60 /* [CP] Check Pods Manifest.lock */ = {
			isa = PBXShellScriptBuildPhase;
			buildActionMask = 2147483647;
			files = (
			);
			inputFileListPaths = (
			);
			inputPaths = (
				"${PODS_PODFILE_DIR_PATH}/Podfile.lock",
				"${PODS_ROOT}/Manifest.lock",
			);
			name = "[CP] Check Pods Manifest.lock";
			outputFileListPaths = (
			);
			outputPaths = (
				"$(DERIVED_FILE_DIR)/Pods-Task_Pryaniky-checkManifestLockResult.txt",
			);
			runOnlyForDeploymentPostprocessing = 0;
			shellPath = /bin/sh;
			shellScript = "diff \"${PODS_PODFILE_DIR_PATH}/Podfile.lock\" \"${PODS_ROOT}/Manifest.lock\" > /dev/null\nif [ $? != 0 ] ; then\n    # print error to STDERR\n    echo \"error: The sandbox is not in sync with the Podfile.lock. Run 'pod install' or update your CocoaPods installation.\" >&2\n    exit 1\nfi\n# This output is used by Xcode 'outputs' to avoid re-running this script phase.\necho \"SUCCESS\" > \"${SCRIPT_OUTPUT_FILE_0}\"\n";
			showEnvVarsInLog = 0;
		};
/* End PBXShellScriptBuildPhase section */

/* Begin PBXSourcesBuildPhase section */
		5DD8510324CF208100F2F03D /* Sources */ = {
			isa = PBXSourcesBuildPhase;
			buildActionMask = 2147483647;
			files = (
				5DD8510F24CF208100F2F03D /* ViewController.swift in Sources */,
				5DE73E8024CF318C00ECBC77 /* DataItem.swift in Sources */,
				5DE73E8424CF31E800ECBC77 /* TextData.swift in Sources */,
				5DE73E7A24CF2E8F00ECBC77 /* MainView.swift in Sources */,
				5DE73E7C24CF2EB700ECBC77 /* MainViewPresenter.swift in Sources */,
				5DD8510B24CF208100F2F03D /* AppDelegate.swift in Sources */,
				5DE73E8824CF320000ECBC77 /* Variant.swift in Sources */,
				5DE73E8624CF31F200ECBC77 /* SelectorData.swift in Sources */,
				5DD8510D24CF208100F2F03D /* SceneDelegate.swift in Sources */,
				5DE73E7E24CF2F2C00ECBC77 /* AllData.swift in Sources */,
				5DE73E9024CF37E800ECBC77 /* CustomSelectorCell.swift in Sources */,
				5DE73E9424CF40D000ECBC77 /* UIViewTableViewCell+extention.swift in Sources */,
				5DE73E8C24CF37AC00ECBC77 /* CustomTextCell.swift in Sources */,
				5DE73E8224CF31E000ECBC77 /* ImageData.swift in Sources */,
				5DE73E8E24CF37DB00ECBC77 /* CustomImageCell.swift in Sources */,
				5DE73E8A24CF341400ECBC77 /* MainServer.swift in Sources */,
			);
			runOnlyForDeploymentPostprocessing = 0;
		};
/* End PBXSourcesBuildPhase section */

/* Begin PBXVariantGroup section */
		5DD8511524CF208700F2F03D /* LaunchScreen.storyboard */ = {
			isa = PBXVariantGroup;
			children = (
				5DD8511624CF208700F2F03D /* Base */,
			);
			name = LaunchScreen.storyboard;
			sourceTree = "<group>";
		};
/* End PBXVariantGroup section */

/* Begin XCBuildConfiguration section */
		5DD8511924CF208700F2F03D /* Debug */ = {
			isa = XCBuildConfiguration;
			buildSettings = {
				ALWAYS_SEARCH_USER_PATHS = NO;
				CLANG_ANALYZER_NONNULL = YES;
				CLANG_ANALYZER_NUMBER_OBJECT_CONVERSION = YES_AGGRESSIVE;
				CLANG_CXX_LANGUAGE_STANDARD = "gnu++14";
				CLANG_CXX_LIBRARY = "libc++";
				CLANG_ENABLE_MODULES = YES;
				CLANG_ENABLE_OBJC_ARC = YES;
				CLANG_ENABLE_OBJC_WEAK = YES;
				CLANG_WARN_BLOCK_CAPTURE_AUTORELEASING = YES;
				CLANG_WARN_BOOL_CONVERSION = YES;
				CLANG_WARN_COMMA = YES;
				CLANG_WARN_CONSTANT_CONVERSION = YES;
				CLANG_WARN_DEPRECATED_OBJC_IMPLEMENTATIONS = YES;
				CLANG_WARN_DIRECT_OBJC_ISA_USAGE = YES_ERROR;
				CLANG_WARN_DOCUMENTATION_COMMENTS = YES;
				CLANG_WARN_EMPTY_BODY = YES;
				CLANG_WARN_ENUM_CONVERSION = YES;
				CLANG_WARN_INFINITE_RECURSION = YES;
				CLANG_WARN_INT_CONVERSION = YES;
				CLANG_WARN_NON_LITERAL_NULL_CONVERSION = YES;
				CLANG_WARN_OBJC_IMPLICIT_RETAIN_SELF = YES;
				CLANG_WARN_OBJC_LITERAL_CONVERSION = YES;
				CLANG_WARN_OBJC_ROOT_CLASS = YES_ERROR;
				CLANG_WARN_RANGE_LOOP_ANALYSIS = YES;
				CLANG_WARN_STRICT_PROTOTYPES = YES;
				CLANG_WARN_SUSPICIOUS_MOVE = YES;
				CLANG_WARN_UNGUARDED_AVAILABILITY = YES_AGGRESSIVE;
				CLANG_WARN_UNREACHABLE_CODE = YES;
				CLANG_WARN__DUPLICATE_METHOD_MATCH = YES;
				COPY_PHASE_STRIP = NO;
				DEBUG_INFORMATION_FORMAT = dwarf;
				ENABLE_STRICT_OBJC_MSGSEND = YES;
				ENABLE_TESTABILITY = YES;
				GCC_C_LANGUAGE_STANDARD = gnu11;
				GCC_DYNAMIC_NO_PIC = NO;
				GCC_NO_COMMON_BLOCKS = YES;
				GCC_OPTIMIZATION_LEVEL = 0;
				GCC_PREPROCESSOR_DEFINITIONS = (
					"DEBUG=1",
					"$(inherited)",
				);
				GCC_WARN_64_TO_32_BIT_CONVERSION = YES;
				GCC_WARN_ABOUT_RETURN_TYPE = YES_ERROR;
				GCC_WARN_UNDECLARED_SELECTOR = YES;
				GCC_WARN_UNINITIALIZED_AUTOS = YES_AGGRESSIVE;
				GCC_WARN_UNUSED_FUNCTION = YES;
				GCC_WARN_UNUSED_VARIABLE = YES;
				IPHONEOS_DEPLOYMENT_TARGET = 13.5;
				MTL_ENABLE_DEBUG_INFO = INCLUDE_SOURCE;
				MTL_FAST_MATH = YES;
				ONLY_ACTIVE_ARCH = YES;
				SDKROOT = iphoneos;
				SWIFT_ACTIVE_COMPILATION_CONDITIONS = DEBUG;
				SWIFT_OPTIMIZATION_LEVEL = "-Onone";
			};
			name = Debug;
		};
		5DD8511A24CF208700F2F03D /* Release */ = {
			isa = XCBuildConfiguration;
			buildSettings = {
				ALWAYS_SEARCH_USER_PATHS = NO;
				CLANG_ANALYZER_NONNULL = YES;
				CLANG_ANALYZER_NUMBER_OBJECT_CONVERSION = YES_AGGRESSIVE;
				CLANG_CXX_LANGUAGE_STANDARD = "gnu++14";
				CLANG_CXX_LIBRARY = "libc++";
				CLANG_ENABLE_MODULES = YES;
				CLANG_ENABLE_OBJC_ARC = YES;
				CLANG_ENABLE_OBJC_WEAK = YES;
				CLANG_WARN_BLOCK_CAPTURE_AUTORELEASING = YES;
				CLANG_WARN_BOOL_CONVERSION = YES;
				CLANG_WARN_COMMA = YES;
				CLANG_WARN_CONSTANT_CONVERSION = YES;
				CLANG_WARN_DEPRECATED_OBJC_IMPLEMENTATIONS = YES;
				CLANG_WARN_DIRECT_OBJC_ISA_USAGE = YES_ERROR;
				CLANG_WARN_DOCUMENTATION_COMMENTS = YES;
				CLANG_WARN_EMPTY_BODY = YES;
				CLANG_WARN_ENUM_CONVERSION = YES;
				CLANG_WARN_INFINITE_RECURSION = YES;
				CLANG_WARN_INT_CONVERSION = YES;
				CLANG_WARN_NON_LITERAL_NULL_CONVERSION = YES;
				CLANG_WARN_OBJC_IMPLICIT_RETAIN_SELF = YES;
				CLANG_WARN_OBJC_LITERAL_CONVERSION = YES;
				CLANG_WARN_OBJC_ROOT_CLASS = YES_ERROR;
				CLANG_WARN_RANGE_LOOP_ANALYSIS = YES;
				CLANG_WARN_STRICT_PROTOTYPES = YES;
				CLANG_WARN_SUSPICIOUS_MOVE = YES;
				CLANG_WARN_UNGUARDED_AVAILABILITY = YES_AGGRESSIVE;
				CLANG_WARN_UNREACHABLE_CODE = YES;
				CLANG_WARN__DUPLICATE_METHOD_MATCH = YES;
				COPY_PHASE_STRIP = NO;
				DEBUG_INFORMATION_FORMAT = "dwarf-with-dsym";
				ENABLE_NS_ASSERTIONS = NO;
				ENABLE_STRICT_OBJC_MSGSEND = YES;
				GCC_C_LANGUAGE_STANDARD = gnu11;
				GCC_NO_COMMON_BLOCKS = YES;
				GCC_WARN_64_TO_32_BIT_CONVERSION = YES;
				GCC_WARN_ABOUT_RETURN_TYPE = YES_ERROR;
				GCC_WARN_UNDECLARED_SELECTOR = YES;
				GCC_WARN_UNINITIALIZED_AUTOS = YES_AGGRESSIVE;
				GCC_WARN_UNUSED_FUNCTION = YES;
				GCC_WARN_UNUSED_VARIABLE = YES;
				IPHONEOS_DEPLOYMENT_TARGET = 13.5;
				MTL_ENABLE_DEBUG_INFO = NO;
				MTL_FAST_MATH = YES;
				SDKROOT = iphoneos;
				SWIFT_COMPILATION_MODE = wholemodule;
				SWIFT_OPTIMIZATION_LEVEL = "-O";
				VALIDATE_PRODUCT = YES;
			};
			name = Release;
		};
		5DD8511C24CF208700F2F03D /* Debug */ = {
			isa = XCBuildConfiguration;
			baseConfigurationReference = 30DBBE4EFE928EC9469364D0 /* Pods-Task_Pryaniky.debug.xcconfig */;
			buildSettings = {
				ASSETCATALOG_COMPILER_APPICON_NAME = AppIcon;
				CODE_SIGN_STYLE = Automatic;
				DEVELOPMENT_TEAM = F97R65KMAU;
				INFOPLIST_FILE = Task_Pryaniky/Info.plist;
				LD_RUNPATH_SEARCH_PATHS = (
					"$(inherited)",
					"@executable_path/Frameworks",
				);
				PRODUCT_BUNDLE_IDENTIFIER = "com.annamelkhova.Task-Pryaniky";
				PRODUCT_NAME = "$(TARGET_NAME)";
				SWIFT_VERSION = 5.0;
				TARGETED_DEVICE_FAMILY = 1;
			};
			name = Debug;
		};
		5DD8511D24CF208700F2F03D /* Release */ = {
			isa = XCBuildConfiguration;
			baseConfigurationReference = 7D5F6B8CBB217DBF618DBE84 /* Pods-Task_Pryaniky.release.xcconfig */;
			buildSettings = {
				ASSETCATALOG_COMPILER_APPICON_NAME = AppIcon;
				CODE_SIGN_STYLE = Automatic;
				DEVELOPMENT_TEAM = F97R65KMAU;
				INFOPLIST_FILE = Task_Pryaniky/Info.plist;
				LD_RUNPATH_SEARCH_PATHS = (
					"$(inherited)",
					"@executable_path/Frameworks",
				);
				PRODUCT_BUNDLE_IDENTIFIER = "com.annamelkhova.Task-Pryaniky";
				PRODUCT_NAME = "$(TARGET_NAME)";
				SWIFT_VERSION = 5.0;
				TARGETED_DEVICE_FAMILY = 1;
			};
			name = Release;
		};
/* End XCBuildConfiguration section */

/* Begin XCConfigurationList section */
		5DD8510224CF208100F2F03D /* Build configuration list for PBXProject "Task_Pryaniky" */ = {
			isa = XCConfigurationList;
			buildConfigurations = (
				5DD8511924CF208700F2F03D /* Debug */,
				5DD8511A24CF208700F2F03D /* Release */,
			);
			defaultConfigurationIsVisible = 0;
			defaultConfigurationName = Release;
		};
		5DD8511B24CF208700F2F03D /* Build configuration list for PBXNativeTarget "Task_Pryaniky" */ = {
			isa = XCConfigurationList;
			buildConfigurations = (
				5DD8511C24CF208700F2F03D /* Debug */,
				5DD8511D24CF208700F2F03D /* Release */,
			);
			defaultConfigurationIsVisible = 0;
			defaultConfigurationName = Release;
		};
/* End XCConfigurationList section */
	};
	rootObject = 5DD850FF24CF208100F2F03D /* Project object */;
}
